
Microsoft Visual Studio Solution File, Format Version 12.00
# Visual Studio Version 16
VisualStudioVersion = 16.0.29503.13
MinimumVisualStudioVersion = 10.0.40219.1
Project("{FAE04EC0-301F-11D3-BF4B-00C04F79EFBC}") = "ProjetoMVCD37", "ProjetoMVCD37\ProjetoMVCD37.csproj", "{B85FC5D0-6C67-461E-A269-905766C7472A}"
EndProject
Global
	GlobalSection(SolutionConfigurationPlatforms) = preSolution
		Debug|Any CPU = Debug|Any CPU
		Release|Any CPU = Release|Any CPU
	EndGlobalSection
	GlobalSection(ProjectConfigurationPlatforms) = postSolution
		{B85FC5D0-6C67-461E-A269-905766C7472A}.Debug|Any CPU.ActiveCfg = Debug|Any CPU
		{B85FC5D0-6C67-461E-A269-905766C7472A}.Debug|Any CPU.Build.0 = Debug|Any CPU
		{B85FC5D0-6C67-461E-A269-905766C7472A}.Release|Any CPU.ActiveCfg = Release|Any CPU
		{B85FC5D0-6C67-461E-A269-905766C7472A}.Release|Any CPU.Build.0 = Release|Any CPU
	EndGlobalSection
	GlobalSection(SolutionProperties) = preSolution
		HideSolutionNode = FALSE
	EndGlobalSection
	GlobalSection(ExtensibilityGlobals) = postSolution
		SolutionGuid = {2986C432-1E2C-4321-87E8-092CF839B243}
	EndGlobalSection
EndGlobal
